// !$*UTF8*$!
{
	archiveVersion = 1;
	classes = {
	};
	objectVersion = 56;
	objects = {

/* Begin PBXBuildFile section */
		FC295A002ACA0D3F005A23C1 /* AppDelegate.swift in Sources */ = {isa = PBXBuildFile; fileRef = FC2959FF2ACA0D3F005A23C1 /* AppDelegate.swift */; };
		FC295A022ACA0D3F005A23C1 /* SceneDelegate.swift in Sources */ = {isa = PBXBuildFile; fileRef = FC295A012ACA0D3F005A23C1 /* SceneDelegate.swift */; };
		FC295A042ACA0D3F005A23C1 /* ViewController.swift in Sources */ = {isa = PBXBuildFile; fileRef = FC295A032ACA0D3F005A23C1 /* ViewController.swift */; };
		FC295A072ACA0D3F005A23C1 /* Main.storyboard in Resources */ = {isa = PBXBuildFile; fileRef = FC295A052ACA0D3F005A23C1 /* Main.storyboard */; };
		FC295A0A2ACA0D3F005A23C1 /* BookProject5.xcdatamodeld in Sources */ = {isa = PBXBuildFile; fileRef = FC295A082ACA0D3F005A23C1 /* BookProject5.xcdatamodeld */; };
		FC295A0C2ACA0D40005A23C1 /* Assets.xcassets in Resources */ = {isa = PBXBuildFile; fileRef = FC295A0B2ACA0D40005A23C1 /* Assets.xcassets */; };
		FC295A0F2ACA0D40005A23C1 /* LaunchScreen.storyboard in Resources */ = {isa = PBXBuildFile; fileRef = FC295A0D2ACA0D40005A23C1 /* LaunchScreen.storyboard */; };
/* End PBXBuildFile section */

/* Begin PBXFileReference section */
		FC2959FC2ACA0D3F005A23C1 /* BookProject5.app */ = {isa = PBXFileReference; explicitFileType = wrapper.application; includeInIndex = 0; path = BookProject5.app; sourceTree = BUILT_PRODUCTS_DIR; };
		FC2959FF2ACA0D3F005A23C1 /* AppDelegate.swift */ = {isa = PBXFileReference; lastKnownFileType = sourcecode.swift; path = AppDelegate.swift; sourceTree = "<group>"; };
		FC295A012ACA0D3F005A23C1 /* SceneDelegate.swift */ = {isa = PBXFileReference; lastKnownFileType = sourcecode.swift; path = SceneDelegate.swift; sourceTree = "<group>"; };
		FC295A032ACA0D3F005A23C1 /* ViewController.swift */ = {isa = PBXFileReference; lastKnownFileType = sourcecode.swift; path = ViewController.swift; sourceTree = "<group>"; };
		FC295A062ACA0D3F005A23C1 /* Base */ = {isa = PBXFileReference; lastKnownFileType = file.storyboard; name = Base; path = Base.lproj/Main.storyboard; sourceTree = "<group>"; };
		FC295A092ACA0D3F005A23C1 /* BookProject5.xcdatamodel */ = {isa = PBXFileReference; lastKnownFileType = wrapper.xcdatamodel; path = BookProject5.xcdatamodel; sourceTree = "<group>"; };
		FC295A0B2ACA0D40005A23C1 /* Assets.xcassets */ = {isa = PBXFileReference; lastKnownFileType = folder.assetcatalog; path = Assets.xcassets; sourceTree = "<group>"; };
		FC295A0E2ACA0D40005A23C1 /* Base */ = {isa = PBXFileReference; lastKnownFileType = file.storyboard; name = Base; path = Base.lproj/LaunchScreen.storyboard; sourceTree = "<group>"; };
		FC295A102ACA0D40005A23C1 /* Info.plist */ = {isa = PBXFileReference; lastKnownFileType = text.plist.xml; path = Info.plist; sourceTree = "<group>"; };
/* End PBXFileReference section */

/* Begin PBXFrameworksBuildPhase section */
		FC2959F92ACA0D3F005A23C1 /* Frameworks */ = {
			isa = PBXFrameworksBuildPhase;
			buildActionMask = 2147483647;
			files = (
			);
			runOnlyForDeploymentPostprocessing = 0;
		};
/* End PBXFrameworksBuildPhase section */

/* Begin PBXGroup section */
		FC2959F32ACA0D3F005A23C1 = {
			isa = PBXGroup;
			children = (
				FC2959FE2ACA0D3F005A23C1 /* BookProject5 */,
				FC2959FD2ACA0D3F005A23C1 /* Products */,
			);
			sourceTree = "<group>";
		};
		FC2959FD2ACA0D3F005A23C1 /* Products */ = {
			isa = PBXGroup;
			children = (
				FC2959FC2ACA0D3F005A23C1 /* BookProject5.app */,
			);
			name = Products;
			sourceTree = "<group>";
		};
		FC2959FE2ACA0D3F005A23C1 /* BookProject5 */ = {
			isa = PBXGroup;
			children = (
				FC2959FF2ACA0D3F005A23C1 /* AppDelegate.swift */,
				FC295A012ACA0D3F005A23C1 /* SceneDelegate.swift */,
				FC295A032ACA0D3F005A23C1 /* ViewController.swift */,
				FC295A052ACA0D3F005A23C1 /* Main.storyboard */,
				FC295A0B2ACA0D40005A23C1 /* Assets.xcassets */,
				FC295A0D2ACA0D40005A23C1 /* LaunchScreen.storyboard */,
				FC295A102ACA0D40005A23C1 /* Info.plist */,
				FC295A082ACA0D3F005A23C1 /* BookProject5.xcdatamodeld */,
			);
			path = BookProject5;
			sourceTree = "<group>";
		};
/* End PBXGroup section */

/* Begin PBXNativeTarget section */
		FC2959FB2ACA0D3F005A23C1 /* BookProject5 */ = {
			isa = PBXNativeTarget;
			buildConfigurationList = FC295A132ACA0D40005A23C1 /* Build configuration list for PBXNativeTarget "BookProject5" */;
			buildPhases = (
				FC2959F82ACA0D3F005A23C1 /* Sources */,
				FC2959F92ACA0D3F005A23C1 /* Frameworks */,
				FC2959FA2ACA0D3F005A23C1 /* Resources */,
			);
			buildRules = (
			);
			dependencies = (
			);
			name = BookProject5;
			productName = BookProject5;
			productReference = FC2959FC2ACA0D3F005A23C1 /* BookProject5.app */;
			productType = "com.apple.product-type.application";
		};
/* End PBXNativeTarget section */

/* Begin PBXProject section */
		FC2959F42ACA0D3F005A23C1 /* Project object */ = {
			isa = PBXProject;
			attributes = {
				BuildIndependentTargetsInParallel = 1;
				LastSwiftUpdateCheck = 1500;
				LastUpgradeCheck = 1500;
				TargetAttributes = {
					FC2959FB2ACA0D3F005A23C1 = {
						CreatedOnToolsVersion = 15.0;
					};
				};
			};
			buildConfigurationList = FC2959F72ACA0D3F005A23C1 /* Build configuration list for PBXProject "BookProject5" */;
			compatibilityVersion = "Xcode 14.0";
			developmentRegion = en;
			hasScannedForEncodings = 0;
			knownRegions = (
				en,
				Base,
			);
			mainGroup = FC2959F32ACA0D3F005A23C1;
			productRefGroup = FC2959FD2ACA0D3F005A23C1 /* Products */;
			projectDirPath = "";
			projectRoot = "";
			targets = (
				FC2959FB2ACA0D3F005A23C1 /* BookProject5 */,
			);
		};
/* End PBXProject section */

/* Begin PBXResourcesBuildPhase section */
		FC2959FA2ACA0D3F005A23C1 /* Resources */ = {
			isa = PBXResourcesBuildPhase;
			buildActionMask = 2147483647;
			files = (
				FC295A0F2ACA0D40005A23C1 /* LaunchScreen.storyboard in Resources */,
				FC295A0C2ACA0D40005A23C1 /* Assets.xcassets in Resources */,
				FC295A072ACA0D3F005A23C1 /* Main.storyboard in Resources */,
			);
			runOnlyForDeploymentPostprocessing = 0;
		};
/* End PBXResourcesBuildPhase section */

/* Begin PBXSourcesBuildPhase section */
		FC2959F82ACA0D3F005A23C1 /* Sources */ = {
			isa = PBXSourcesBuildPhase;
			buildActionMask = 2147483647;
			files = (
				FC295A0A2ACA0D3F005A23C1 /* BookProject5.xcdatamodeld in Sources */,
				FC295A042ACA0D3F005A23C1 /* ViewController.swift in Sources */,
				FC295A002ACA0D3F005A23C1 /* AppDelegate.swift in Sources */,
				FC295A022ACA0D3F005A23C1 /* SceneDelegate.swift in Sources */,
			);
			runOnlyForDeploymentPostprocessing = 0;
		};
/* End PBXSourcesBuildPhase section */

/* Begin PBXVariantGroup section */
		FC295A052ACA0D3F005A23C1 /* Main.storyboard */ = {
			isa = PBXVariantGroup;
			children = (
				FC295A062ACA0D3F005A23C1 /* Base */,
			);
			name = Main.storyboard;
			sourceTree = "<group>";
		};
		FC295A0D2ACA0D40005A23C1 /* LaunchScreen.storyboard */ = {
			isa = PBXVariantGroup;
			children = (
				FC295A0E2ACA0D40005A23C1 /* Base */,
			);
			name = LaunchScreen.storyboard;
			sourceTree = "<group>";
		};
/* End PBXVariantGroup section */

/* Begin XCBuildConfiguration section */
		FC295A112ACA0D40005A23C1 /* Debug */ = {
			isa = XCBuildConfiguration;
			buildSettings = {
				ALWAYS_SEARCH_USER_PATHS = NO;
				ASSETCATALOG_COMPILER_GENERATE_SWIFT_ASSET_SYMBOL_EXTENSIONS = YES;
				CLANG_ANALYZER_NONNULL = YES;
				CLANG_ANALYZER_NUMBER_OBJECT_CONVERSION = YES_AGGRESSIVE;
				CLANG_CXX_LANGUAGE_STANDARD = "gnu++20";
				CLANG_ENABLE_MODULES = YES;
				CLANG_ENABLE_OBJC_ARC = YES;
				CLANG_ENABLE_OBJC_WEAK = YES;
				CLANG_WARN_BLOCK_CAPTURE_AUTORELEASING = YES;
				CLANG_WARN_BOOL_CONVERSION = YES;
				CLANG_WARN_COMMA = YES;
				CLANG_WARN_CONSTANT_CONVERSION = YES;
				CLANG_WARN_DEPRECATED_OBJC_IMPLEMENTATIONS = YES;
				CLANG_WARN_DIRECT_OBJC_ISA_USAGE = YES_ERROR;
				CLANG_WARN_DOCUMENTATION_COMMENTS = YES;
				CLANG_WARN_EMPTY_BODY = YES;
				CLANG_WARN_ENUM_CONVERSION = YES;
				CLANG_WARN_INFINITE_RECURSION = YES;
				CLANG_WARN_INT_CONVERSION = YES;
				CLANG_WARN_NON_LITERAL_NULL_CONVERSION = YES;
				CLANG_WARN_OBJC_IMPLICIT_RETAIN_SELF = YES;
				CLANG_WARN_OBJC_LITERAL_CONVERSION = YES;
				CLANG_WARN_OBJC_ROOT_CLASS = YES_ERROR;
				CLANG_WARN_QUOTED_INCLUDE_IN_FRAMEWORK_HEADER = YES;
				CLANG_WARN_RANGE_LOOP_ANALYSIS = YES;
				CLANG_WARN_STRICT_PROTOTYPES = YES;
				CLANG_WARN_SUSPICIOUS_MOVE = YES;
				CLANG_WARN_UNGUARDED_AVAILABILITY = YES_AGGRESSIVE;
				CLANG_WARN_UNREACHABLE_CODE = YES;
				CLANG_WARN__DUPLICATE_METHOD_MATCH = YES;
				COPY_PHASE_STRIP = NO;
				DEBUG_INFORMATION_FORMAT = dwarf;
				ENABLE_STRICT_OBJC_MSGSEND = YES;
				ENABLE_TESTABILITY = YES;
				ENABLE_USER_SCRIPT_SANDBOXING = YES;
				GCC_C_LANGUAGE_STANDARD = gnu17;
				GCC_DYNAMIC_NO_PIC = NO;
				GCC_NO_COMMON_BLOCKS = YES;
				GCC_OPTIMIZATION_LEVEL = 0;
				GCC_PREPROCESSOR_DEFINITIONS = (
					"DEBUG=1",
					"$(inherited)",
				);
				GCC_WARN_64_TO_32_BIT_CONVERSION = YES;
				GCC_WARN_ABOUT_RETURN_TYPE = YES_ERROR;
				GCC_WARN_UNDECLARED_SELECTOR = YES;
				GCC_WARN_UNINITIALIZED_AUTOS = YES_AGGRESSIVE;
				GCC_WARN_UNUSED_FUNCTION = YES;
				GCC_WARN_UNUSED_VARIABLE = YES;
				IPHONEOS_DEPLOYMENT_TARGET = 17.0;
				LOCALIZATION_PREFERS_STRING_CATALOGS = YES;
				MTL_ENABLE_DEBUG_INFO = INCLUDE_SOURCE;
				MTL_FAST_MATH = YES;
				ONLY_ACTIVE_ARCH = YES;
				SDKROOT = iphoneos;
				SWIFT_ACTIVE_COMPILATION_CONDITIONS = "DEBUG $(inherited)";
				SWIFT_OPTIMIZATION_LEVEL = "-Onone";
			};
			name = Debug;
		};
		FC295A122ACA0D40005A23C1 /* Release */ = {
			isa = XCBuildConfiguration;
			buildSettings = {
				ALWAYS_SEARCH_USER_PATHS = NO;
				ASSETCATALOG_COMPILER_GENERATE_SWIFT_ASSET_SYMBOL_EXTENSIONS = YES;
				CLANG_ANALYZER_NONNULL = YES;
				CLANG_ANALYZER_NUMBER_OBJECT_CONVERSION = YES_AGGRESSIVE;
				CLANG_CXX_LANGUAGE_STANDARD = "gnu++20";
				CLANG_ENABLE_MODULES = YES;
				CLANG_ENABLE_OBJC_ARC = YES;
				CLANG_ENABLE_OBJC_WEAK = YES;
				CLANG_WARN_BLOCK_CAPTURE_AUTORELEASING = YES;
				CLANG_WARN_BOOL_CONVERSION = YES;
				CLANG_WARN_COMMA = YES;
				CLANG_WARN_CONSTANT_CONVERSION = YES;
				CLANG_WARN_DEPRECATED_OBJC_IMPLEMENTATIONS = YES;
				CLANG_WARN_DIRECT_OBJC_ISA_USAGE = YES_ERROR;
				CLANG_WARN_DOCUMENTATION_COMMENTS = YES;
				CLANG_WARN_EMPTY_BODY = YES;
				CLANG_WARN_ENUM_CONVERSION = YES;
				CLANG_WARN_INFINITE_RECURSION = YES;
				CLANG_WARN_INT_CONVERSION = YES;
				CLANG_WARN_NON_LITERAL_NULL_CONVERSION = YES;
				CLANG_WARN_OBJC_IMPLICIT_RETAIN_SELF = YES;
				CLANG_WARN_OBJC_LITERAL_CONVERSION = YES;
				CLANG_WARN_OBJC_ROOT_CLASS = YES_ERROR;
				CLANG_WARN_QUOTED_INCLUDE_IN_FRAMEWORK_HEADER = YES;
				CLANG_WARN_RANGE_LOOP_ANALYSIS = YES;
				CLANG_WARN_STRICT_PROTOTYPES = YES;
				CLANG_WARN_SUSPICIOUS_MOVE = YES;
				CLANG_WARN_UNGUARDED_AVAILABILITY = YES_AGGRESSIVE;
				CLANG_WARN_UNREACHABLE_CODE = YES;
				CLANG_WARN__DUPLICATE_METHOD_MATCH = YES;
				COPY_PHASE_STRIP = NO;
				DEBUG_INFORMATION_FORMAT = "dwarf-with-dsym";
				ENABLE_NS_ASSERTIONS = NO;
				ENABLE_STRICT_OBJC_MSGSEND = YES;
				ENABLE_USER_SCRIPT_SANDBOXING = YES;
				GCC_C_LANGUAGE_STANDARD = gnu17;
				GCC_NO_COMMON_BLOCKS = YES;
				GCC_WARN_64_TO_32_BIT_CONVERSION = YES;
				GCC_WARN_ABOUT_RETURN_TYPE = YES_ERROR;
				GCC_WARN_UNDECLARED_SELECTOR = YES;
				GCC_WARN_UNINITIALIZED_AUTOS = YES_AGGRESSIVE;
				GCC_WARN_UNUSED_FUNCTION = YES;
				GCC_WARN_UNUSED_VARIABLE = YES;
				IPHONEOS_DEPLOYMENT_TARGET = 17.0;
				LOCALIZATION_PREFERS_STRING_CATALOGS = YES;
				MTL_ENABLE_DEBUG_INFO = NO;
				MTL_FAST_MATH = YES;
				SDKROOT = iphoneos;
				SWIFT_COMPILATION_MODE = wholemodule;
				VALIDATE_PRODUCT = YES;
			};
			name = Release;
		};
		FC295A142ACA0D40005A23C1 /* Debug */ = {
			isa = XCBuildConfiguration;
			buildSettings = {
				ASSETCATALOG_COMPILER_APPICON_NAME = AppIcon;
				ASSETCATALOG_COMPILER_GLOBAL_ACCENT_COLOR_NAME = AccentColor;
				CODE_SIGN_STYLE = Automatic;
				CURRENT_PROJECT_VERSION = 1;
				DEVELOPMENT_TEAM = H74V6UQXD4;
				GENERATE_INFOPLIST_FILE = YES;
				INFOPLIST_FILE = BookProject5/Info.plist;
				INFOPLIST_KEY_UIApplicationSupportsIndirectInputEvents = YES;
				INFOPLIST_KEY_UILaunchStoryboardName = LaunchScreen;
				INFOPLIST_KEY_UIMainStoryboardFile = Main;
				INFOPLIST_KEY_UISupportedInterfaceOrientations_iPad = "UIInterfaceOrientationPortrait UIInterfaceOrientationPortraitUpsideDown UIInterfaceOrientationLandscapeLeft UIInterfaceOrientationLandscapeRight";
				INFOPLIST_KEY_UISupportedInterfaceOrientations_iPhone = "UIInterfaceOrientationPortrait UIInterfaceOrientationLandscapeLeft UIInterfaceOrientationLandscapeRight";
				LD_RUNPATH_SEARCH_PATHS = (
					"$(inherited)",
					"@executable_path/Frameworks",
				);
				MARKETING_VERSION = 1.0;
				PRODUCT_BUNDLE_IDENTIFIER = com.emineaydinli.BookProject5;
				PRODUCT_NAME = "$(TARGET_NAME)";
				SWIFT_EMIT_LOC_STRINGS = YES;
				SWIFT_VERSION = 5.0;
				TARGETED_DEVICE_FAMILY = "1,2";
			};
			name = Debug;
		};
		FC295A152ACA0D40005A23C1 /* Release */ = {
			isa = XCBuildConfiguration;
			buildSettings = {
				ASSETCATALOG_COMPILER_APPICON_NAME = AppIcon;
				ASSETCATALOG_COMPILER_GLOBAL_ACCENT_COLOR_NAME = AccentColor;
				CODE_SIGN_STYLE = Automatic;
				CURRENT_PROJECT_VERSION = 1;
				DEVELOPMENT_TEAM = H74V6UQXD4;
				GENERATE_INFOPLIST_FILE = YES;
				INFOPLIST_FILE = BookProject5/Info.plist;
				INFOPLIST_KEY_UIApplicationSupportsIndirectInputEvents = YES;
				INFOPLIST_KEY_UILaunchStoryboardName = LaunchScreen;
				INFOPLIST_KEY_UIMainStoryboardFile = Main;
				INFOPLIST_KEY_UISupportedInterfaceOrientations_iPad = "UIInterfaceOrientationPortrait UIInterfaceOrientationPortraitUpsideDown UIInterfaceOrientationLandscapeLeft UIInterfaceOrientationLandscapeRight";
				INFOPLIST_KEY_UISupportedInterfaceOrientations_iPhone = "UIInterfaceOrientationPortrait UIInterfaceOrientationLandscapeLeft UIInterfaceOrientationLandscapeRight";
				LD_RUNPATH_SEARCH_PATHS = (
					"$(inherited)",
					"@executable_path/Frameworks",
				);
				MARKETING_VERSION = 1.0;
				PRODUCT_BUNDLE_IDENTIFIER = com.emineaydinli.BookProject5;
				PRODUCT_NAME = "$(TARGET_NAME)";
				SWIFT_EMIT_LOC_STRINGS = YES;
				SWIFT_VERSION = 5.0;
				TARGETED_DEVICE_FAMILY = "1,2";
			};
			name = Release;
		};
/* End XCBuildConfiguration section */

/* Begin XCConfigurationList section */
		FC2959F72ACA0D3F005A23C1 /* Build configuration list for PBXProject "BookProject5" */ = {
			isa = XCConfigurationList;
			buildConfigurations = (
				FC295A112ACA0D40005A23C1 /* Debug */,
				FC295A122ACA0D40005A23C1 /* Release */,
			);
			defaultConfigurationIsVisible = 0;
			defaultConfigurationName = Release;
		};
		FC295A132ACA0D40005A23C1 /* Build configuration list for PBXNativeTarget "BookProject5" */ = {
			isa = XCConfigurationList;
			buildConfigurations = (
				FC295A142ACA0D40005A23C1 /* Debug */,
				FC295A152ACA0D40005A23C1 /* Release */,
			);
			defaultConfigurationIsVisible = 0;
			defaultConfigurationName = Release;
		};
/* End XCConfigurationList section */

/* Begin XCVersionGroup section */
		FC295A082ACA0D3F005A23C1 /* BookProject5.xcdatamodeld */ = {
			isa = XCVersionGroup;
			children = (
				FC295A092ACA0D3F005A23C1 /* BookProject5.xcdatamodel */,
			);
			currentVersion = FC295A092ACA0D3F005A23C1 /* BookProject5.xcdatamodel */;
			path = BookProject5.xcdatamodeld;
			sourceTree = "<group>";
			versionGroupType = wrapper.xcdatamodel;
		};
/* End XCVersionGroup section */
	};
	rootObject = FC2959F42ACA0D3F005A23C1 /* Project object */;
}
